
Microsoft Visual Studio Solution File, Format Version 12.00
# Visual Studio Version 17
VisualStudioVersion = 17.1.32328.378
MinimumVisualStudioVersion = 10.0.40219.1
Project("{FAE04EC0-301F-11D3-BF4B-00C04F79EFBC}") = "PrzykladApiWyklad", "PrzykladApiWyklad\PrzykladApiWyklad.csproj", "{879D9D3C-6C2B-4930-AA5E-9D5118444D63}"
EndProject
Global
	GlobalSection(SolutionConfigurationPlatforms) = preSolution
		Debug|Any CPU = Debug|Any CPU
		Release|Any CPU = Release|Any CPU
	EndGlobalSection
	GlobalSection(ProjectConfigurationPlatforms) = postSolution
		{879D9D3C-6C2B-4930-AA5E-9D5118444D63}.Debug|Any CPU.ActiveCfg = Debug|Any CPU
		{879D9D3C-6C2B-4930-AA5E-9D5118444D63}.Debug|Any CPU.Build.0 = Debug|Any CPU
		{879D9D3C-6C2B-4930-AA5E-9D5118444D63}.Release|Any CPU.ActiveCfg = Release|Any CPU
		{879D9D3C-6C2B-4930-AA5E-9D5118444D63}.Release|Any CPU.Build.0 = Release|Any CPU
	EndGlobalSection
	GlobalSection(SolutionProperties) = preSolution
		HideSolutionNode = FALSE
	EndGlobalSection
	GlobalSection(ExtensibilityGlobals) = postSolution
		SolutionGuid = {B7F9CE0C-5BE3-479E-B8E9-24583794F02C}
	EndGlobalSection
EndGlobal
